
Microsoft Visual Studio Solution File, Format Version 12.00
# Visual Studio Version 17
VisualStudioVersion = 17.0.31903.59
MinimumVisualStudioVersion = 10.0.40219.1
Project("{9A19103F-16F7-4668-BE54-9A1E7A4F7556}") = "GreyAnatomyFanSite.Domain", "src\GreyAnatomyFanSite.Domain\GreyAnatomyFanSite.Domain.csproj", "{B5F2A548-D342-493B-A8E8-35F161EFE40E}"
EndProject
Project("{9A19103F-16F7-4668-BE54-9A1E7A4F7556}") = "GreyAnatomyFanSite.Application", "src\GreyAnatomyFanSite.Application\GreyAnatomyFanSite.Application.csproj", "{6F8AC3F9-0614-465E-8A51-5A6E6645B26E}"
EndProject
Project("{9A19103F-16F7-4668-BE54-9A1E7A4F7556}") = "GreyAnatomyFanSite.Infrastructure", "src\GreyAnatomyFanSite.Infrastructure\GreyAnatomyFanSite.Infrastructure.csproj", "{44164170-86D6-47FB-B50C-D4F6AB4F5E6E}"
EndProject
Project("{9A19103F-16F7-4668-BE54-9A1E7A4F7556}") = "GreyAnatomyFanSite.Web", "src\GreyAnatomyFanSite.Web\GreyAnatomyFanSite.Web.csproj", "{DB76BCB7-D306-4F7D-9F53-6B51005BB2C6}"
EndProject
Project("{9A19103F-16F7-4668-BE54-9A1E7A4F7556}") = "GreyAnatomyFanSite.Tests.Unit", "tests\GreyAnatomyFanSite.Tests.Unit\GreyAnatomyFanSite.Tests.Unit.csproj", "{7383DDEC-CCD3-4C2B-A402-B72751F1D6AD}"
EndProject
Project("{9A19103F-16F7-4668-BE54-9A1E7A4F7556}") = "GreyAnatomyFanSite.Tests.Integration", "tests\GreyAnatomyFanSite.Tests.Integration\GreyAnatomyFanSite.Tests.Integration.csproj", "{1B9BEF06-1401-42EA-9D4A-6D7C67CF0235}"
EndProject
Project("{2150E333-8FDC-42A3-9474-1A3956D46DE8}") = "src", "src", "{827E0CD3-B72D-47B6-A68D-7590B98EB39B}"
EndProject
Project("{2150E333-8FDC-42A3-9474-1A3956D46DE8}") = "tests", "tests", "{0AB3BF05-4346-4AA6-1389-037BE0695223}"
EndProject
Global
	GlobalSection(SolutionConfigurationPlatforms) = preSolution
		Debug|Any CPU = Debug|Any CPU
		Debug|x64 = Debug|x64
		Debug|x86 = Debug|x86
		Release|Any CPU = Release|Any CPU
		Release|x64 = Release|x64
		Release|x86 = Release|x86
	EndGlobalSection
	GlobalSection(ProjectConfigurationPlatforms) = postSolution
		{B5F2A548-D342-493B-A8E8-35F161EFE40E}.Debug|Any CPU.ActiveCfg = Debug|Any CPU
		{B5F2A548-D342-493B-A8E8-35F161EFE40E}.Debug|Any CPU.Build.0 = Debug|Any CPU
		{B5F2A548-D342-493B-A8E8-35F161EFE40E}.Debug|x64.ActiveCfg = Debug|Any CPU
		{B5F2A548-D342-493B-A8E8-35F161EFE40E}.Debug|x64.Build.0 = Debug|Any CPU
		{B5F2A548-D342-493B-A8E8-35F161EFE40E}.Debug|x86.ActiveCfg = Debug|Any CPU
		{B5F2A548-D342-493B-A8E8-35F161EFE40E}.Debug|x86.Build.0 = Debug|Any CPU
		{B5F2A548-D342-493B-A8E8-35F161EFE40E}.Release|Any CPU.ActiveCfg = Release|Any CPU
		{B5F2A548-D342-493B-A8E8-35F161EFE40E}.Release|Any CPU.Build.0 = Release|Any CPU
		{B5F2A548-D342-493B-A8E8-35F161EFE40E}.Release|x64.ActiveCfg = Release|Any CPU
		{B5F2A548-D342-493B-A8E8-35F161EFE40E}.Release|x64.Build.0 = Release|Any CPU
		{B5F2A548-D342-493B-A8E8-35F161EFE40E}.Release|x86.ActiveCfg = Release|Any CPU
		{B5F2A548-D342-493B-A8E8-35F161EFE40E}.Release|x86.Build.0 = Release|Any CPU
		{6F8AC3F9-0614-465E-8A51-5A6E6645B26E}.Debug|Any CPU.ActiveCfg = Debug|Any CPU
		{6F8AC3F9-0614-465E-8A51-5A6E6645B26E}.Debug|Any CPU.Build.0 = Debug|Any CPU
		{6F8AC3F9-0614-465E-8A51-5A6E6645B26E}.Debug|x64.ActiveCfg = Debug|Any CPU
		{6F8AC3F9-0614-465E-8A51-5A6E6645B26E}.Debug|x64.Build.0 = Debug|Any CPU
		{6F8AC3F9-0614-465E-8A51-5A6E6645B26E}.Debug|x86.ActiveCfg = Debug|Any CPU
		{6F8AC3F9-0614-465E-8A51-5A6E6645B26E}.Debug|x86.Build.0 = Debug|Any CPU
		{6F8AC3F9-0614-465E-8A51-5A6E6645B26E}.Release|Any CPU.ActiveCfg = Release|Any CPU
		{6F8AC3F9-0614-465E-8A51-5A6E6645B26E}.Release|Any CPU.Build.0 = Release|Any CPU
		{6F8AC3F9-0614-465E-8A51-5A6E6645B26E}.Release|x64.ActiveCfg = Release|Any CPU
		{6F8AC3F9-0614-465E-8A51-5A6E6645B26E}.Release|x64.Build.0 = Release|Any CPU
		{6F8AC3F9-0614-465E-8A51-5A6E6645B26E}.Release|x86.ActiveCfg = Release|Any CPU
		{6F8AC3F9-0614-465E-8A51-5A6E6645B26E}.Release|x86.Build.0 = Release|Any CPU
		{44164170-86D6-47FB-B50C-D4F6AB4F5E6E}.Debug|Any CPU.ActiveCfg = Debug|Any CPU
		{44164170-86D6-47FB-B50C-D4F6AB4F5E6E}.Debug|Any CPU.Build.0 = Debug|Any CPU
		{44164170-86D6-47FB-B50C-D4F6AB4F5E6E}.Debug|x64.ActiveCfg = Debug|Any CPU
		{44164170-86D6-47FB-B50C-D4F6AB4F5E6E}.Debug|x64.Build.0 = Debug|Any CPU
		{44164170-86D6-47FB-B50C-D4F6AB4F5E6E}.Debug|x86.ActiveCfg = Debug|Any CPU
		{44164170-86D6-47FB-B50C-D4F6AB4F5E6E}.Debug|x86.Build.0 = Debug|Any CPU
		{44164170-86D6-47FB-B50C-D4F6AB4F5E6E}.Release|Any CPU.ActiveCfg = Release|Any CPU
		{44164170-86D6-47FB-B50C-D4F6AB4F5E6E}.Release|Any CPU.Build.0 = Release|Any CPU
		{44164170-86D6-47FB-B50C-D4F6AB4F5E6E}.Release|x64.ActiveCfg = Release|Any CPU
		{44164170-86D6-47FB-B50C-D4F6AB4F5E6E}.Release|x64.Build.0 = Release|Any CPU
		{44164170-86D6-47FB-B50C-D4F6AB4F5E6E}.Release|x86.ActiveCfg = Release|Any CPU
		{44164170-86D6-47FB-B50C-D4F6AB4F5E6E}.Release|x86.Build.0 = Release|Any CPU
		{DB76BCB7-D306-4F7D-9F53-6B51005BB2C6}.Debug|Any CPU.ActiveCfg = Debug|Any CPU
		{DB76BCB7-D306-4F7D-9F53-6B51005BB2C6}.Debug|Any CPU.Build.0 = Debug|Any CPU
		{DB76BCB7-D306-4F7D-9F53-6B51005BB2C6}.Debug|x64.ActiveCfg = Debug|Any CPU
		{DB76BCB7-D306-4F7D-9F53-6B51005BB2C6}.Debug|x64.Build.0 = Debug|Any CPU
		{DB76BCB7-D306-4F7D-9F53-6B51005BB2C6}.Debug|x86.ActiveCfg = Debug|Any CPU
		{DB76BCB7-D306-4F7D-9F53-6B51005BB2C6}.Debug|x86.Build.0 = Debug|Any CPU
		{DB76BCB7-D306-4F7D-9F53-6B51005BB2C6}.Release|Any CPU.ActiveCfg = Release|Any CPU
		{DB76BCB7-D306-4F7D-9F53-6B51005BB2C6}.Release|Any CPU.Build.0 = Release|Any CPU
		{DB76BCB7-D306-4F7D-9F53-6B51005BB2C6}.Release|x64.ActiveCfg = Release|Any CPU
		{DB76BCB7-D306-4F7D-9F53-6B51005BB2C6}.Release|x64.Build.0 = Release|Any CPU
		{DB76BCB7-D306-4F7D-9F53-6B51005BB2C6}.Release|x86.ActiveCfg = Release|Any CPU
		{DB76BCB7-D306-4F7D-9F53-6B51005BB2C6}.Release|x86.Build.0 = Release|Any CPU
		{7383DDEC-CCD3-4C2B-A402-B72751F1D6AD}.Debug|Any CPU.ActiveCfg = Debug|Any CPU
		{7383DDEC-CCD3-4C2B-A402-B72751F1D6AD}.Debug|Any CPU.Build.0 = Debug|Any CPU
		{7383DDEC-CCD3-4C2B-A402-B72751F1D6AD}.Debug|x64.ActiveCfg = Debug|Any CPU
		{7383DDEC-CCD3-4C2B-A402-B72751F1D6AD}.Debug|x64.Build.0 = Debug|Any CPU
		{7383DDEC-CCD3-4C2B-A402-B72751F1D6AD}.Debug|x86.ActiveCfg = Debug|Any CPU
		{7383DDEC-CCD3-4C2B-A402-B72751F1D6AD}.Debug|x86.Build.0 = Debug|Any CPU
		{7383DDEC-CCD3-4C2B-A402-B72751F1D6AD}.Release|Any CPU.ActiveCfg = Release|Any CPU
		{7383DDEC-CCD3-4C2B-A402-B72751F1D6AD}.Release|Any CPU.Build.0 = Release|Any CPU
		{7383DDEC-CCD3-4C2B-A402-B72751F1D6AD}.Release|x64.ActiveCfg = Release|Any CPU
		{7383DDEC-CCD3-4C2B-A402-B72751F1D6AD}.Release|x64.Build.0 = Release|Any CPU
		{7383DDEC-CCD3-4C2B-A402-B72751F1D6AD}.Release|x86.ActiveCfg = Release|Any CPU
		{7383DDEC-CCD3-4C2B-A402-B72751F1D6AD}.Release|x86.Build.0 = Release|Any CPU
		{1B9BEF06-1401-42EA-9D4A-6D7C67CF0235}.Debug|Any CPU.ActiveCfg = Debug|Any CPU
		{1B9BEF06-1401-42EA-9D4A-6D7C67CF0235}.Debug|Any CPU.Build.0 = Debug|Any CPU
		{1B9BEF06-1401-42EA-9D4A-6D7C67CF0235}.Debug|x64.ActiveCfg = Debug|Any CPU
		{1B9BEF06-1401-42EA-9D4A-6D7C67CF0235}.Debug|x64.Build.0 = Debug|Any CPU
		{1B9BEF06-1401-42EA-9D4A-6D7C67CF0235}.Debug|x86.ActiveCfg = Debug|Any CPU
		{1B9BEF06-1401-42EA-9D4A-6D7C67CF0235}.Debug|x86.Build.0 = Debug|Any CPU
		{1B9BEF06-1401-42EA-9D4A-6D7C67CF0235}.Release|Any CPU.ActiveCfg = Release|Any CPU
		{1B9BEF06-1401-42EA-9D4A-6D7C67CF0235}.Release|Any CPU.Build.0 = Release|Any CPU
		{1B9BEF06-1401-42EA-9D4A-6D7C67CF0235}.Release|x64.ActiveCfg = Release|Any CPU
		{1B9BEF06-1401-42EA-9D4A-6D7C67CF0235}.Release|x64.Build.0 = Release|Any CPU
		{1B9BEF06-1401-42EA-9D4A-6D7C67CF0235}.Release|x86.ActiveCfg = Release|Any CPU
		{1B9BEF06-1401-42EA-9D4A-6D7C67CF0235}.Release|x86.Build.0 = Release|Any CPU
	EndGlobalSection
	GlobalSection(SolutionProperties) = preSolution
		HideSolutionNode = FALSE
	EndGlobalSection
	GlobalSection(NestedProjects) = preSolution
		{DB76BCB7-D306-4F7D-9F53-6B51005BB2C6} = {827E0CD3-B72D-47B6-A68D-7590B98EB39B}
		{44164170-86D6-47FB-B50C-D4F6AB4F5E6E} = {827E0CD3-B72D-47B6-A68D-7590B98EB39B}
		{6F8AC3F9-0614-465E-8A51-5A6E6645B26E} = {827E0CD3-B72D-47B6-A68D-7590B98EB39B}
		{B5F2A548-D342-493B-A8E8-35F161EFE40E} = {827E0CD3-B72D-47B6-A68D-7590B98EB39B}
		{1B9BEF06-1401-42EA-9D4A-6D7C67CF0235} = {0AB3BF05-4346-4AA6-1389-037BE0695223}
		{7383DDEC-CCD3-4C2B-A402-B72751F1D6AD} = {0AB3BF05-4346-4AA6-1389-037BE0695223}
	EndGlobalSection
EndGlobal
